// !$*UTF8*$!
{
	archiveVersion = 1;
	classes = {
	};
	objectVersion = 50;
	objects = {

/* Begin PBXBuildFile section */
		CA4C6526255D6EB500D9DBEC /* AppDelegate.swift in Sources */ = {isa = PBXBuildFile; fileRef = CA4C6525255D6EB500D9DBEC /* AppDelegate.swift */; };
		CA4C652A255D6EB600D9DBEC /* Assets.xcassets in Resources */ = {isa = PBXBuildFile; fileRef = CA4C6529255D6EB600D9DBEC /* Assets.xcassets */; };
		CA4C652D255D6EB600D9DBEC /* Main.storyboard in Resources */ = {isa = PBXBuildFile; fileRef = CA4C652B255D6EB600D9DBEC /* Main.storyboard */; };
		CA4C653F255D703900D9DBEC /* CommonView.swift in Sources */ = {isa = PBXBuildFile; fileRef = CA4C653E255D703900D9DBEC /* CommonView.swift */; };
		CA4C6545255D719E00D9DBEC /* GenerateView.xib in Resources */ = {isa = PBXBuildFile; fileRef = CA4C6544255D719E00D9DBEC /* GenerateView.xib */; };
		CA4C6548255D71AD00D9DBEC /* GenerateView.swift in Sources */ = {isa = PBXBuildFile; fileRef = CA4C6547255D71AD00D9DBEC /* GenerateView.swift */; };
		CA4C654D255D78AA00D9DBEC /* GenerateViewConfigurator.swift in Sources */ = {isa = PBXBuildFile; fileRef = CA4C654C255D78AA00D9DBEC /* GenerateViewConfigurator.swift */; };
		CA4C6552255D795800D9DBEC /* DataStorage.swift in Sources */ = {isa = PBXBuildFile; fileRef = CA4C6551255D795800D9DBEC /* DataStorage.swift */; };
		CA4C6556255D7C6500D9DBEC /* EmptySettingsView.xib in Resources */ = {isa = PBXBuildFile; fileRef = CA4C6555255D7C6500D9DBEC /* EmptySettingsView.xib */; };
		CA4C6559255D7C9300D9DBEC /* EmptySettingsView.swift in Sources */ = {isa = PBXBuildFile; fileRef = CA4C6558255D7C9300D9DBEC /* EmptySettingsView.swift */; };
		CA4C6567255D9D2F00D9DBEC /* PreferencesViewController.swift in Sources */ = {isa = PBXBuildFile; fileRef = CA4C6566255D9D2F00D9DBEC /* PreferencesViewController.swift */; };
		CA4C656C255D9E4200D9DBEC /* PreferencesContract.swift in Sources */ = {isa = PBXBuildFile; fileRef = CA4C656B255D9E4200D9DBEC /* PreferencesContract.swift */; };
		CA4C656F255D9E6200D9DBEC /* PreferencesConfigurator.swift in Sources */ = {isa = PBXBuildFile; fileRef = CA4C656E255D9E6200D9DBEC /* PreferencesConfigurator.swift */; };
		CA4C6572255D9E7300D9DBEC /* PreferencesPresenter.swift in Sources */ = {isa = PBXBuildFile; fileRef = CA4C6571255D9E7300D9DBEC /* PreferencesPresenter.swift */; };
		CA4C6575255D9E8500D9DBEC /* PreferencesInteractor.swift in Sources */ = {isa = PBXBuildFile; fileRef = CA4C6574255D9E8500D9DBEC /* PreferencesInteractor.swift */; };
		CA4C6578255D9E9200D9DBEC /* PreferencesRouter.swift in Sources */ = {isa = PBXBuildFile; fileRef = CA4C6577255D9E9200D9DBEC /* PreferencesRouter.swift */; };
		CA4C657C255DA80400D9DBEC /* PreferencesView.swift in Sources */ = {isa = PBXBuildFile; fileRef = CA4C657B255DA80400D9DBEC /* PreferencesView.swift */; };
		CA4C6580255DAF9D00D9DBEC /* SnapKit.framework in Frameworks */ = {isa = PBXBuildFile; fileRef = CA4C657F255DAF9D00D9DBEC /* SnapKit.framework */; };
		CA4C6581255DAF9D00D9DBEC /* SnapKit.framework in Embed Frameworks */ = {isa = PBXBuildFile; fileRef = CA4C657F255DAF9D00D9DBEC /* SnapKit.framework */; settings = {ATTRIBUTES = (CodeSignOnCopy, RemoveHeadersOnCopy, ); }; };
/* End PBXBuildFile section */

/* Begin PBXCopyFilesBuildPhase section */
		CA4C6582255DAF9D00D9DBEC /* Embed Frameworks */ = {
			isa = PBXCopyFilesBuildPhase;
			buildActionMask = 2147483647;
			dstPath = "";
			dstSubfolderSpec = 10;
			files = (
				CA4C6581255DAF9D00D9DBEC /* SnapKit.framework in Embed Frameworks */,
			);
			name = "Embed Frameworks";
			runOnlyForDeploymentPostprocessing = 0;
		};
/* End PBXCopyFilesBuildPhase section */

/* Begin PBXFileReference section */
		CA4C6522255D6EB500D9DBEC /* mouseShelf.app */ = {isa = PBXFileReference; explicitFileType = wrapper.application; includeInIndex = 0; path = mouseShelf.app; sourceTree = BUILT_PRODUCTS_DIR; };
		CA4C6525255D6EB500D9DBEC /* AppDelegate.swift */ = {isa = PBXFileReference; lastKnownFileType = sourcecode.swift; path = AppDelegate.swift; sourceTree = "<group>"; };
		CA4C6529255D6EB600D9DBEC /* Assets.xcassets */ = {isa = PBXFileReference; lastKnownFileType = folder.assetcatalog; path = Assets.xcassets; sourceTree = "<group>"; };
		CA4C652C255D6EB600D9DBEC /* Base */ = {isa = PBXFileReference; lastKnownFileType = file.storyboard; name = Base; path = Base.lproj/Main.storyboard; sourceTree = "<group>"; };
		CA4C652E255D6EB600D9DBEC /* Info.plist */ = {isa = PBXFileReference; lastKnownFileType = text.plist.xml; path = Info.plist; sourceTree = "<group>"; };
		CA4C652F255D6EB600D9DBEC /* mouseShelf.entitlements */ = {isa = PBXFileReference; lastKnownFileType = text.plist.entitlements; path = mouseShelf.entitlements; sourceTree = "<group>"; };
		CA4C653E255D703900D9DBEC /* CommonView.swift */ = {isa = PBXFileReference; lastKnownFileType = sourcecode.swift; path = CommonView.swift; sourceTree = "<group>"; };
		CA4C6544255D719E00D9DBEC /* GenerateView.xib */ = {isa = PBXFileReference; lastKnownFileType = file.xib; path = GenerateView.xib; sourceTree = "<group>"; };
		CA4C6547255D71AD00D9DBEC /* GenerateView.swift */ = {isa = PBXFileReference; lastKnownFileType = sourcecode.swift; path = GenerateView.swift; sourceTree = "<group>"; };
		CA4C654C255D78AA00D9DBEC /* GenerateViewConfigurator.swift */ = {isa = PBXFileReference; lastKnownFileType = sourcecode.swift; path = GenerateViewConfigurator.swift; sourceTree = "<group>"; };
		CA4C6551255D795800D9DBEC /* DataStorage.swift */ = {isa = PBXFileReference; lastKnownFileType = sourcecode.swift; path = DataStorage.swift; sourceTree = "<group>"; };
		CA4C6555255D7C6500D9DBEC /* EmptySettingsView.xib */ = {isa = PBXFileReference; lastKnownFileType = file.xib; path = EmptySettingsView.xib; sourceTree = "<group>"; };
		CA4C6558255D7C9300D9DBEC /* EmptySettingsView.swift */ = {isa = PBXFileReference; lastKnownFileType = sourcecode.swift; path = EmptySettingsView.swift; sourceTree = "<group>"; };
		CA4C6566255D9D2F00D9DBEC /* PreferencesViewController.swift */ = {isa = PBXFileReference; lastKnownFileType = sourcecode.swift; path = PreferencesViewController.swift; sourceTree = "<group>"; };
		CA4C656B255D9E4200D9DBEC /* PreferencesContract.swift */ = {isa = PBXFileReference; lastKnownFileType = sourcecode.swift; path = PreferencesContract.swift; sourceTree = "<group>"; };
		CA4C656E255D9E6200D9DBEC /* PreferencesConfigurator.swift */ = {isa = PBXFileReference; lastKnownFileType = sourcecode.swift; path = PreferencesConfigurator.swift; sourceTree = "<group>"; };
		CA4C6571255D9E7300D9DBEC /* PreferencesPresenter.swift */ = {isa = PBXFileReference; lastKnownFileType = sourcecode.swift; path = PreferencesPresenter.swift; sourceTree = "<group>"; };
		CA4C6574255D9E8500D9DBEC /* PreferencesInteractor.swift */ = {isa = PBXFileReference; lastKnownFileType = sourcecode.swift; path = PreferencesInteractor.swift; sourceTree = "<group>"; };
		CA4C6577255D9E9200D9DBEC /* PreferencesRouter.swift */ = {isa = PBXFileReference; lastKnownFileType = sourcecode.swift; path = PreferencesRouter.swift; sourceTree = "<group>"; };
		CA4C657B255DA80400D9DBEC /* PreferencesView.swift */ = {isa = PBXFileReference; lastKnownFileType = sourcecode.swift; path = PreferencesView.swift; sourceTree = "<group>"; };
		CA4C657F255DAF9D00D9DBEC /* SnapKit.framework */ = {isa = PBXFileReference; lastKnownFileType = wrapper.framework; name = SnapKit.framework; path = Carthage/Build/Mac/SnapKit.framework; sourceTree = "<group>"; };
/* End PBXFileReference section */

/* Begin PBXFrameworksBuildPhase section */
		CA4C651F255D6EB500D9DBEC /* Frameworks */ = {
			isa = PBXFrameworksBuildPhase;
			buildActionMask = 2147483647;
			files = (
				CA4C6580255DAF9D00D9DBEC /* SnapKit.framework in Frameworks */,
			);
			runOnlyForDeploymentPostprocessing = 0;
		};
/* End PBXFrameworksBuildPhase section */

/* Begin PBXGroup section */
		CA4C6519255D6EB500D9DBEC = {
			isa = PBXGroup;
			children = (
				CA4C6524255D6EB500D9DBEC /* mouseShelf */,
				CA4C6523255D6EB500D9DBEC /* Products */,
				CA4C657E255DAF9D00D9DBEC /* Frameworks */,
			);
			sourceTree = "<group>";
		};
		CA4C6523255D6EB500D9DBEC /* Products */ = {
			isa = PBXGroup;
			children = (
				CA4C6522255D6EB500D9DBEC /* mouseShelf.app */,
			);
			name = Products;
			sourceTree = "<group>";
		};
		CA4C6524255D6EB500D9DBEC /* mouseShelf */ = {
			isa = PBXGroup;
			children = (
				CA4C6538255D6EF900D9DBEC /* Sources */,
				CA4C6537255D6ECB00D9DBEC /* Modules */,
				CA4C6525255D6EB500D9DBEC /* AppDelegate.swift */,
				CA4C652B255D6EB600D9DBEC /* Main.storyboard */,
				CA4C652E255D6EB600D9DBEC /* Info.plist */,
				CA4C6529255D6EB600D9DBEC /* Assets.xcassets */,
				CA4C652F255D6EB600D9DBEC /* mouseShelf.entitlements */,
			);
			path = mouseShelf;
			sourceTree = "<group>";
		};
		CA4C6537255D6ECB00D9DBEC /* Modules */ = {
			isa = PBXGroup;
			children = (
				CA4C655B255D7F9300D9DBEC /* PreferencesView */,
				CA4C6554255D7C5000D9DBEC /* EmptySettingsView */,
				CA4C654F255D790300D9DBEC /* DataService */,
				CA4C6543255D712D00D9DBEC /* GenerateView */,
				CA4C653D255D702800D9DBEC /* SupportFiles */,
			);
			path = Modules;
			sourceTree = "<group>";
		};
		CA4C6538255D6EF900D9DBEC /* Sources */ = {
			isa = PBXGroup;
			children = (
			);
			path = Sources;
			sourceTree = "<group>";
		};
		CA4C653D255D702800D9DBEC /* SupportFiles */ = {
			isa = PBXGroup;
			children = (
				CA4C653E255D703900D9DBEC /* CommonView.swift */,
			);
			path = SupportFiles;
			sourceTree = "<group>";
		};
		CA4C6543255D712D00D9DBEC /* GenerateView */ = {
			isa = PBXGroup;
			children = (
				CA4C6544255D719E00D9DBEC /* GenerateView.xib */,
				CA4C6547255D71AD00D9DBEC /* GenerateView.swift */,
				CA4C654C255D78AA00D9DBEC /* GenerateViewConfigurator.swift */,
			);
			path = GenerateView;
			sourceTree = "<group>";
		};
		CA4C654F255D790300D9DBEC /* DataService */ = {
			isa = PBXGroup;
			children = (
				CA4C6551255D795800D9DBEC /* DataStorage.swift */,
			);
			path = DataService;
			sourceTree = "<group>";
		};
		CA4C6554255D7C5000D9DBEC /* EmptySettingsView */ = {
			isa = PBXGroup;
			children = (
				CA4C6555255D7C6500D9DBEC /* EmptySettingsView.xib */,
				CA4C6558255D7C9300D9DBEC /* EmptySettingsView.swift */,
			);
			path = EmptySettingsView;
			sourceTree = "<group>";
		};
		CA4C655B255D7F9300D9DBEC /* PreferencesView */ = {
			isa = PBXGroup;
			children = (
				CA4C6566255D9D2F00D9DBEC /* PreferencesViewController.swift */,
				CA4C656B255D9E4200D9DBEC /* PreferencesContract.swift */,
				CA4C656E255D9E6200D9DBEC /* PreferencesConfigurator.swift */,
				CA4C6571255D9E7300D9DBEC /* PreferencesPresenter.swift */,
				CA4C6574255D9E8500D9DBEC /* PreferencesInteractor.swift */,
				CA4C6577255D9E9200D9DBEC /* PreferencesRouter.swift */,
				CA4C657B255DA80400D9DBEC /* PreferencesView.swift */,
			);
			path = PreferencesView;
			sourceTree = "<group>";
		};
		CA4C657E255DAF9D00D9DBEC /* Frameworks */ = {
			isa = PBXGroup;
			children = (
				CA4C657F255DAF9D00D9DBEC /* SnapKit.framework */,
			);
			name = Frameworks;
			sourceTree = "<group>";
		};
/* End PBXGroup section */

/* Begin PBXNativeTarget section */
		CA4C6521255D6EB500D9DBEC /* mouseShelf */ = {
			isa = PBXNativeTarget;
			buildConfigurationList = CA4C6532255D6EB600D9DBEC /* Build configuration list for PBXNativeTarget "mouseShelf" */;
			buildPhases = (
				CA4C651E255D6EB500D9DBEC /* Sources */,
				CA4C651F255D6EB500D9DBEC /* Frameworks */,
				CA4C6520255D6EB500D9DBEC /* Resources */,
				CA4C6582255DAF9D00D9DBEC /* Embed Frameworks */,
				CA4C6583255DAFCC00D9DBEC /* Carthage */,
			);
			buildRules = (
			);
			dependencies = (
			);
			name = mouseShelf;
			productName = mouseShelf;
			productReference = CA4C6522255D6EB500D9DBEC /* mouseShelf.app */;
			productType = "com.apple.product-type.application";
		};
/* End PBXNativeTarget section */

/* Begin PBXProject section */
		CA4C651A255D6EB500D9DBEC /* Project object */ = {
			isa = PBXProject;
			attributes = {
				LastSwiftUpdateCheck = 1210;
				LastUpgradeCheck = 1210;
				TargetAttributes = {
					CA4C6521255D6EB500D9DBEC = {
						CreatedOnToolsVersion = 12.1;
					};
				};
			};
			buildConfigurationList = CA4C651D255D6EB500D9DBEC /* Build configuration list for PBXProject "mouseShelf" */;
			compatibilityVersion = "Xcode 9.3";
			developmentRegion = en;
			hasScannedForEncodings = 0;
			knownRegions = (
				en,
				Base,
			);
			mainGroup = CA4C6519255D6EB500D9DBEC;
			productRefGroup = CA4C6523255D6EB500D9DBEC /* Products */;
			projectDirPath = "";
			projectRoot = "";
			targets = (
				CA4C6521255D6EB500D9DBEC /* mouseShelf */,
			);
		};
/* End PBXProject section */

/* Begin PBXResourcesBuildPhase section */
		CA4C6520255D6EB500D9DBEC /* Resources */ = {
			isa = PBXResourcesBuildPhase;
			buildActionMask = 2147483647;
			files = (
				CA4C652A255D6EB600D9DBEC /* Assets.xcassets in Resources */,
				CA4C6556255D7C6500D9DBEC /* EmptySettingsView.xib in Resources */,
				CA4C6545255D719E00D9DBEC /* GenerateView.xib in Resources */,
				CA4C652D255D6EB600D9DBEC /* Main.storyboard in Resources */,
			);
			runOnlyForDeploymentPostprocessing = 0;
		};
/* End PBXResourcesBuildPhase section */

/* Begin PBXShellScriptBuildPhase section */
		CA4C6583255DAFCC00D9DBEC /* Carthage */ = {
			isa = PBXShellScriptBuildPhase;
			buildActionMask = 2147483647;
			files = (
			);
			inputFileListPaths = (
			);
			inputPaths = (
				"$(SRCROOT)/Carthage/Build/Mac/SnapKit.framework",
			);
			name = Carthage;
			outputFileListPaths = (
			);
			outputPaths = (
			);
			runOnlyForDeploymentPostprocessing = 0;
			shellPath = /bin/sh;
			shellScript = "# Type a script or drag a script file from your workspace to insert its path.\ncarthage copy-frameworks\n";
		};
/* End PBXShellScriptBuildPhase section */

/* Begin PBXSourcesBuildPhase section */
		CA4C651E255D6EB500D9DBEC /* Sources */ = {
			isa = PBXSourcesBuildPhase;
			buildActionMask = 2147483647;
			files = (
				CA4C6559255D7C9300D9DBEC /* EmptySettingsView.swift in Sources */,
				CA4C6578255D9E9200D9DBEC /* PreferencesRouter.swift in Sources */,
				CA4C656F255D9E6200D9DBEC /* PreferencesConfigurator.swift in Sources */,
				CA4C657C255DA80400D9DBEC /* PreferencesView.swift in Sources */,
				CA4C6567255D9D2F00D9DBEC /* PreferencesViewController.swift in Sources */,
				CA4C6526255D6EB500D9DBEC /* AppDelegate.swift in Sources */,
				CA4C654D255D78AA00D9DBEC /* GenerateViewConfigurator.swift in Sources */,
				CA4C6572255D9E7300D9DBEC /* PreferencesPresenter.swift in Sources */,
				CA4C6575255D9E8500D9DBEC /* PreferencesInteractor.swift in Sources */,
				CA4C656C255D9E4200D9DBEC /* PreferencesContract.swift in Sources */,
				CA4C6552255D795800D9DBEC /* DataStorage.swift in Sources */,
				CA4C653F255D703900D9DBEC /* CommonView.swift in Sources */,
				CA4C6548255D71AD00D9DBEC /* GenerateView.swift in Sources */,
			);
			runOnlyForDeploymentPostprocessing = 0;
		};
/* End PBXSourcesBuildPhase section */

/* Begin PBXVariantGroup section */
		CA4C652B255D6EB600D9DBEC /* Main.storyboard */ = {
			isa = PBXVariantGroup;
			children = (
				CA4C652C255D6EB600D9DBEC /* Base */,
			);
			name = Main.storyboard;
			sourceTree = "<group>";
		};
/* End PBXVariantGroup section */

/* Begin XCBuildConfiguration section */
		CA4C6530255D6EB600D9DBEC /* Debug */ = {
			isa = XCBuildConfiguration;
			buildSettings = {
				ALWAYS_SEARCH_USER_PATHS = NO;
				CLANG_ANALYZER_NONNULL = YES;
				CLANG_ANALYZER_NUMBER_OBJECT_CONVERSION = YES_AGGRESSIVE;
				CLANG_CXX_LANGUAGE_STANDARD = "gnu++14";
				CLANG_CXX_LIBRARY = "libc++";
				CLANG_ENABLE_MODULES = YES;
				CLANG_ENABLE_OBJC_ARC = YES;
				CLANG_ENABLE_OBJC_WEAK = YES;
				CLANG_WARN_BLOCK_CAPTURE_AUTORELEASING = YES;
				CLANG_WARN_BOOL_CONVERSION = YES;
				CLANG_WARN_COMMA = YES;
				CLANG_WARN_CONSTANT_CONVERSION = YES;
				CLANG_WARN_DEPRECATED_OBJC_IMPLEMENTATIONS = YES;
				CLANG_WARN_DIRECT_OBJC_ISA_USAGE = YES_ERROR;
				CLANG_WARN_DOCUMENTATION_COMMENTS = YES;
				CLANG_WARN_EMPTY_BODY = YES;
				CLANG_WARN_ENUM_CONVERSION = YES;
				CLANG_WARN_INFINITE_RECURSION = YES;
				CLANG_WARN_INT_CONVERSION = YES;
				CLANG_WARN_NON_LITERAL_NULL_CONVERSION = YES;
				CLANG_WARN_OBJC_IMPLICIT_RETAIN_SELF = YES;
				CLANG_WARN_OBJC_LITERAL_CONVERSION = YES;
				CLANG_WARN_OBJC_ROOT_CLASS = YES_ERROR;
				CLANG_WARN_QUOTED_INCLUDE_IN_FRAMEWORK_HEADER = YES;
				CLANG_WARN_RANGE_LOOP_ANALYSIS = YES;
				CLANG_WARN_STRICT_PROTOTYPES = YES;
				CLANG_WARN_SUSPICIOUS_MOVE = YES;
				CLANG_WARN_UNGUARDED_AVAILABILITY = YES_AGGRESSIVE;
				CLANG_WARN_UNREACHABLE_CODE = YES;
				CLANG_WARN__DUPLICATE_METHOD_MATCH = YES;
				COPY_PHASE_STRIP = NO;
				DEBUG_INFORMATION_FORMAT = dwarf;
				ENABLE_STRICT_OBJC_MSGSEND = YES;
				ENABLE_TESTABILITY = YES;
				GCC_C_LANGUAGE_STANDARD = gnu11;
				GCC_DYNAMIC_NO_PIC = NO;
				GCC_NO_COMMON_BLOCKS = YES;
				GCC_OPTIMIZATION_LEVEL = 0;
				GCC_PREPROCESSOR_DEFINITIONS = (
					"DEBUG=1",
					"$(inherited)",
				);
				GCC_WARN_64_TO_32_BIT_CONVERSION = YES;
				GCC_WARN_ABOUT_RETURN_TYPE = YES_ERROR;
				GCC_WARN_UNDECLARED_SELECTOR = YES;
				GCC_WARN_UNINITIALIZED_AUTOS = YES_AGGRESSIVE;
				GCC_WARN_UNUSED_FUNCTION = YES;
				GCC_WARN_UNUSED_VARIABLE = YES;
				MACOSX_DEPLOYMENT_TARGET = 10.15;
				MTL_ENABLE_DEBUG_INFO = INCLUDE_SOURCE;
				MTL_FAST_MATH = YES;
				ONLY_ACTIVE_ARCH = YES;
				SDKROOT = macosx;
				SWIFT_ACTIVE_COMPILATION_CONDITIONS = DEBUG;
				SWIFT_OPTIMIZATION_LEVEL = "-Onone";
			};
			name = Debug;
		};
		CA4C6531255D6EB600D9DBEC /* Release */ = {
			isa = XCBuildConfiguration;
			buildSettings = {
				ALWAYS_SEARCH_USER_PATHS = NO;
				CLANG_ANALYZER_NONNULL = YES;
				CLANG_ANALYZER_NUMBER_OBJECT_CONVERSION = YES_AGGRESSIVE;
				CLANG_CXX_LANGUAGE_STANDARD = "gnu++14";
				CLANG_CXX_LIBRARY = "libc++";
				CLANG_ENABLE_MODULES = YES;
				CLANG_ENABLE_OBJC_ARC = YES;
				CLANG_ENABLE_OBJC_WEAK = YES;
				CLANG_WARN_BLOCK_CAPTURE_AUTORELEASING = YES;
				CLANG_WARN_BOOL_CONVERSION = YES;
				CLANG_WARN_COMMA = YES;
				CLANG_WARN_CONSTANT_CONVERSION = YES;
				CLANG_WARN_DEPRECATED_OBJC_IMPLEMENTATIONS = YES;
				CLANG_WARN_DIRECT_OBJC_ISA_USAGE = YES_ERROR;
				CLANG_WARN_DOCUMENTATION_COMMENTS = YES;
				CLANG_WARN_EMPTY_BODY = YES;
				CLANG_WARN_ENUM_CONVERSION = YES;
				CLANG_WARN_INFINITE_RECURSION = YES;
				CLANG_WARN_INT_CONVERSION = YES;
				CLANG_WARN_NON_LITERAL_NULL_CONVERSION = YES;
				CLANG_WARN_OBJC_IMPLICIT_RETAIN_SELF = YES;
				CLANG_WARN_OBJC_LITERAL_CONVERSION = YES;
				CLANG_WARN_OBJC_ROOT_CLASS = YES_ERROR;
				CLANG_WARN_QUOTED_INCLUDE_IN_FRAMEWORK_HEADER = YES;
				CLANG_WARN_RANGE_LOOP_ANALYSIS = YES;
				CLANG_WARN_STRICT_PROTOTYPES = YES;
				CLANG_WARN_SUSPICIOUS_MOVE = YES;
				CLANG_WARN_UNGUARDED_AVAILABILITY = YES_AGGRESSIVE;
				CLANG_WARN_UNREACHABLE_CODE = YES;
				CLANG_WARN__DUPLICATE_METHOD_MATCH = YES;
				COPY_PHASE_STRIP = NO;
				DEBUG_INFORMATION_FORMAT = "dwarf-with-dsym";
				ENABLE_NS_ASSERTIONS = NO;
				ENABLE_STRICT_OBJC_MSGSEND = YES;
				GCC_C_LANGUAGE_STANDARD = gnu11;
				GCC_NO_COMMON_BLOCKS = YES;
				GCC_WARN_64_TO_32_BIT_CONVERSION = YES;
				GCC_WARN_ABOUT_RETURN_TYPE = YES_ERROR;
				GCC_WARN_UNDECLARED_SELECTOR = YES;
				GCC_WARN_UNINITIALIZED_AUTOS = YES_AGGRESSIVE;
				GCC_WARN_UNUSED_FUNCTION = YES;
				GCC_WARN_UNUSED_VARIABLE = YES;
				MACOSX_DEPLOYMENT_TARGET = 10.15;
				MTL_ENABLE_DEBUG_INFO = NO;
				MTL_FAST_MATH = YES;
				SDKROOT = macosx;
				SWIFT_COMPILATION_MODE = wholemodule;
				SWIFT_OPTIMIZATION_LEVEL = "-O";
			};
			name = Release;
		};
		CA4C6533255D6EB600D9DBEC /* Debug */ = {
			isa = XCBuildConfiguration;
			buildSettings = {
				ASSETCATALOG_COMPILER_APPICON_NAME = AppIcon;
				ASSETCATALOG_COMPILER_GLOBAL_ACCENT_COLOR_NAME = AccentColor;
				CODE_SIGN_ENTITLEMENTS = mouseShelf/mouseShelf.entitlements;
				CODE_SIGN_STYLE = Automatic;
				COMBINE_HIDPI_IMAGES = YES;
				CURRENT_PROJECT_VERSION = 4;
				DEVELOPMENT_TEAM = 99L7S2CZE3;
				ENABLE_HARDENED_RUNTIME = YES;
				FRAMEWORK_SEARCH_PATHS = (
					"$(inherited)",
					"$(PROJECT_DIR)/Carthage/Build/Mac",
				);
				INFOPLIST_FILE = mouseShelf/Info.plist;
				LD_RUNPATH_SEARCH_PATHS = (
					"$(inherited)",
					"@executable_path/../Frameworks",
				);
				MACOSX_DEPLOYMENT_TARGET = 10.14;
				MARKETING_VERSION = 0.2;
				PRODUCT_BUNDLE_IDENTIFIER = com.evergreenmouse.mouseShelf.mouseShelf;
				PRODUCT_NAME = "$(TARGET_NAME)";
				SWIFT_VERSION = 5.0;
			};
			name = Debug;
		};
		CA4C6534255D6EB600D9DBEC /* Release */ = {
			isa = XCBuildConfiguration;
			buildSettings = {
				ASSETCATALOG_COMPILER_APPICON_NAME = AppIcon;
				ASSETCATALOG_COMPILER_GLOBAL_ACCENT_COLOR_NAME = AccentColor;
				CODE_SIGN_ENTITLEMENTS = mouseShelf/mouseShelf.entitlements;
				CODE_SIGN_STYLE = Automatic;
				COMBINE_HIDPI_IMAGES = YES;
				CURRENT_PROJECT_VERSION = 4;
				DEVELOPMENT_TEAM = 99L7S2CZE3;
				ENABLE_HARDENED_RUNTIME = YES;
				FRAMEWORK_SEARCH_PATHS = (
					"$(inherited)",
					"$(PROJECT_DIR)/Carthage/Build/Mac",
				);
				INFOPLIST_FILE = mouseShelf/Info.plist;
				LD_RUNPATH_SEARCH_PATHS = (
					"$(inherited)",
					"@executable_path/../Frameworks",
				);
				MACOSX_DEPLOYMENT_TARGET = 10.14;
				MARKETING_VERSION = 0.2;
				PRODUCT_BUNDLE_IDENTIFIER = com.evergreenmouse.mouseShelf.mouseShelf;
				PRODUCT_NAME = "$(TARGET_NAME)";
				SWIFT_VERSION = 5.0;
			};
			name = Release;
		};
/* End XCBuildConfiguration section */

/* Begin XCConfigurationList section */
		CA4C651D255D6EB500D9DBEC /* Build configuration list for PBXProject "mouseShelf" */ = {
			isa = XCConfigurationList;
			buildConfigurations = (
				CA4C6530255D6EB600D9DBEC /* Debug */,
				CA4C6531255D6EB600D9DBEC /* Release */,
			);
			defaultConfigurationIsVisible = 0;
			defaultConfigurationName = Release;
		};
		CA4C6532255D6EB600D9DBEC /* Build configuration list for PBXNativeTarget "mouseShelf" */ = {
			isa = XCConfigurationList;
			buildConfigurations = (
				CA4C6533255D6EB600D9DBEC /* Debug */,
				CA4C6534255D6EB600D9DBEC /* Release */,
			);
			defaultConfigurationIsVisible = 0;
			defaultConfigurationName = Release;
		};
/* End XCConfigurationList section */
	};
	rootObject = CA4C651A255D6EB500D9DBEC /* Project object */;
}
